{
  "name": "test_shdow",
  "version": "1.0.0",
  "lockfileVersion": 1,
  "requires": true,
  "dependencies": {
    "shadowwiz": {
      "version": "1.0.0",
      "resolved": "https://registry.npmjs.org/shadowwiz/-/shadowwiz-1.0.0.tgz",
      "integrity": "sha512-rTlL0ub5Y/CzQ+I3023FcwHFblXf5oJv2Ns7XVUHbMvPlFx5KEtd/5MYvwdfTUB7nyWkEdnNTcJwNtkYaO6o2g=="
    }
  }
}
